{
  "R": {
    "Version": "4.3.1",
    "Repositories": [
      {
        "Name": "CRAN",
        "URL": "https://aegisrspm.akaws-r-alb.onecloudlabo.com/cran-snapshot-20251216/latest"
      }, 
      {
        "Name": "INHOUSE",
        "URL": "https://aegisrspm.akaws-r-alb.onecloudlabo.com/in-house-20251216/latest"
      }
    ]
  },
  "Packages": {
  }
}
